// !$*UTF8*$!
{
	archiveVersion = 1;
	classes = {
	};
	objectVersion = 55;
	objects = {

/* Begin PBXBuildFile section */
		52184F66282047B500A27E02 /* Detent+Identifier.swift in Sources */ = {isa = PBXBuildFile; fileRef = 52184F65282047B500A27E02 /* Detent+Identifier.swift */; };
		528CA284280367A5001D1AAB /* AppDelegate.swift in Sources */ = {isa = PBXBuildFile; fileRef = 528CA283280367A5001D1AAB /* AppDelegate.swift */; };
		528CA286280367A5001D1AAB /* SceneDelegate.swift in Sources */ = {isa = PBXBuildFile; fileRef = 528CA285280367A5001D1AAB /* SceneDelegate.swift */; };
		528CA288280367A5001D1AAB /* ViewController.swift in Sources */ = {isa = PBXBuildFile; fileRef = 528CA287280367A5001D1AAB /* ViewController.swift */; };
		528CA28B280367A5001D1AAB /* Main.storyboard in Resources */ = {isa = PBXBuildFile; fileRef = 528CA289280367A5001D1AAB /* Main.storyboard */; };
		528CA28D280367AC001D1AAB /* Assets.xcassets in Resources */ = {isa = PBXBuildFile; fileRef = 528CA28C280367AC001D1AAB /* Assets.xcassets */; };
		528CA290280367AC001D1AAB /* LaunchScreen.storyboard in Resources */ = {isa = PBXBuildFile; fileRef = 528CA28E280367AC001D1AAB /* LaunchScreen.storyboard */; };
		528CA2982803682C001D1AAB /* DetentPresentationController.swift in Sources */ = {isa = PBXBuildFile; fileRef = 528CA2972803682C001D1AAB /* DetentPresentationController.swift */; };
		528CA29B28036D2E001D1AAB /* DetentTransitionDelegate.swift in Sources */ = {isa = PBXBuildFile; fileRef = 528CA29A28036D2E001D1AAB /* DetentTransitionDelegate.swift */; };
		528CA29D280373BB001D1AAB /* DetentPresentationAnimator.swift in Sources */ = {isa = PBXBuildFile; fileRef = 528CA29C280373BB001D1AAB /* DetentPresentationAnimator.swift */; };
		528CA29F28037713001D1AAB /* ShownViewController.swift in Sources */ = {isa = PBXBuildFile; fileRef = 528CA29E28037713001D1AAB /* ShownViewController.swift */; };
/* End PBXBuildFile section */

/* Begin PBXFileReference section */
		52184F65282047B500A27E02 /* Detent+Identifier.swift */ = {isa = PBXFileReference; lastKnownFileType = sourcecode.swift; path = "Detent+Identifier.swift"; sourceTree = "<group>"; };
		528CA280280367A5001D1AAB /* DetentSheet.app */ = {isa = PBXFileReference; explicitFileType = wrapper.application; includeInIndex = 0; path = DetentSheet.app; sourceTree = BUILT_PRODUCTS_DIR; };
		528CA283280367A5001D1AAB /* AppDelegate.swift */ = {isa = PBXFileReference; lastKnownFileType = sourcecode.swift; path = AppDelegate.swift; sourceTree = "<group>"; };
		528CA285280367A5001D1AAB /* SceneDelegate.swift */ = {isa = PBXFileReference; lastKnownFileType = sourcecode.swift; path = SceneDelegate.swift; sourceTree = "<group>"; };
		528CA287280367A5001D1AAB /* ViewController.swift */ = {isa = PBXFileReference; lastKnownFileType = sourcecode.swift; path = ViewController.swift; sourceTree = "<group>"; };
		528CA28A280367A5001D1AAB /* Base */ = {isa = PBXFileReference; lastKnownFileType = file.storyboard; name = Base; path = Base.lproj/Main.storyboard; sourceTree = "<group>"; };
		528CA28C280367AC001D1AAB /* Assets.xcassets */ = {isa = PBXFileReference; lastKnownFileType = folder.assetcatalog; path = Assets.xcassets; sourceTree = "<group>"; };
		528CA28F280367AC001D1AAB /* Base */ = {isa = PBXFileReference; lastKnownFileType = file.storyboard; name = Base; path = Base.lproj/LaunchScreen.storyboard; sourceTree = "<group>"; };
		528CA291280367AC001D1AAB /* Info.plist */ = {isa = PBXFileReference; lastKnownFileType = text.plist.xml; path = Info.plist; sourceTree = "<group>"; };
		528CA2972803682C001D1AAB /* DetentPresentationController.swift */ = {isa = PBXFileReference; fileEncoding = 4; lastKnownFileType = sourcecode.swift; path = DetentPresentationController.swift; sourceTree = "<group>"; };
		528CA29A28036D2E001D1AAB /* DetentTransitionDelegate.swift */ = {isa = PBXFileReference; lastKnownFileType = sourcecode.swift; path = DetentTransitionDelegate.swift; sourceTree = "<group>"; };
		528CA29C280373BB001D1AAB /* DetentPresentationAnimator.swift */ = {isa = PBXFileReference; lastKnownFileType = sourcecode.swift; path = DetentPresentationAnimator.swift; sourceTree = "<group>"; };
		528CA29E28037713001D1AAB /* ShownViewController.swift */ = {isa = PBXFileReference; lastKnownFileType = sourcecode.swift; path = ShownViewController.swift; sourceTree = "<group>"; };
/* End PBXFileReference section */

/* Begin PBXFrameworksBuildPhase section */
		528CA27D280367A5001D1AAB /* Frameworks */ = {
			isa = PBXFrameworksBuildPhase;
			buildActionMask = 2147483647;
			files = (
			);
			runOnlyForDeploymentPostprocessing = 0;
		};
/* End PBXFrameworksBuildPhase section */

/* Begin PBXGroup section */
		528CA277280367A5001D1AAB = {
			isa = PBXGroup;
			children = (
				528CA282280367A5001D1AAB /* DetentSheet */,
				528CA281280367A5001D1AAB /* Products */,
			);
			sourceTree = "<group>";
		};
		528CA281280367A5001D1AAB /* Products */ = {
			isa = PBXGroup;
			children = (
				528CA280280367A5001D1AAB /* DetentSheet.app */,
			);
			name = Products;
			sourceTree = "<group>";
		};
		528CA282280367A5001D1AAB /* DetentSheet */ = {
			isa = PBXGroup;
			children = (
				528CA283280367A5001D1AAB /* AppDelegate.swift */,
				528CA285280367A5001D1AAB /* SceneDelegate.swift */,
				52983A3828204700002963A2 /* DetentSheetUIKit */,
				528CA29928036835001D1AAB /* View Controllers */,
				528CA289280367A5001D1AAB /* Main.storyboard */,
				528CA28C280367AC001D1AAB /* Assets.xcassets */,
				528CA28E280367AC001D1AAB /* LaunchScreen.storyboard */,
				528CA291280367AC001D1AAB /* Info.plist */,
			);
			path = DetentSheet;
			sourceTree = "<group>";
		};
		528CA29928036835001D1AAB /* View Controllers */ = {
			isa = PBXGroup;
			children = (
				528CA287280367A5001D1AAB /* ViewController.swift */,
				528CA29E28037713001D1AAB /* ShownViewController.swift */,
			);
			path = "View Controllers";
			sourceTree = "<group>";
		};
		52983A3828204700002963A2 /* DetentSheetUIKit */ = {
			isa = PBXGroup;
			children = (
				528CA2972803682C001D1AAB /* DetentPresentationController.swift */,
				528CA29A28036D2E001D1AAB /* DetentTransitionDelegate.swift */,
				528CA29C280373BB001D1AAB /* DetentPresentationAnimator.swift */,
				52184F65282047B500A27E02 /* Detent+Identifier.swift */,
			);
			path = DetentSheetUIKit;
			sourceTree = "<group>";
		};
/* End PBXGroup section */

/* Begin PBXNativeTarget section */
		528CA27F280367A5001D1AAB /* DetentSheet */ = {
			isa = PBXNativeTarget;
			buildConfigurationList = 528CA294280367AC001D1AAB /* Build configuration list for PBXNativeTarget "DetentSheet" */;
			buildPhases = (
				528CA27C280367A5001D1AAB /* Sources */,
				528CA27D280367A5001D1AAB /* Frameworks */,
				528CA27E280367A5001D1AAB /* Resources */,
			);
			buildRules = (
			);
			dependencies = (
			);
			name = DetentSheet;
			productName = DetentSheet;
			productReference = 528CA280280367A5001D1AAB /* DetentSheet.app */;
			productType = "com.apple.product-type.application";
		};
/* End PBXNativeTarget section */

/* Begin PBXProject section */
		528CA278280367A5001D1AAB /* Project object */ = {
			isa = PBXProject;
			attributes = {
				BuildIndependentTargetsInParallel = 1;
				LastSwiftUpdateCheck = 1330;
				LastUpgradeCheck = 1330;
				TargetAttributes = {
					528CA27F280367A5001D1AAB = {
						CreatedOnToolsVersion = 13.3;
					};
				};
			};
			buildConfigurationList = 528CA27B280367A5001D1AAB /* Build configuration list for PBXProject "DetentSheet" */;
			compatibilityVersion = "Xcode 13.0";
			developmentRegion = en;
			hasScannedForEncodings = 0;
			knownRegions = (
				en,
				Base,
			);
			mainGroup = 528CA277280367A5001D1AAB;
			productRefGroup = 528CA281280367A5001D1AAB /* Products */;
			projectDirPath = "";
			projectRoot = "";
			targets = (
				528CA27F280367A5001D1AAB /* DetentSheet */,
			);
		};
/* End PBXProject section */

/* Begin PBXResourcesBuildPhase section */
		528CA27E280367A5001D1AAB /* Resources */ = {
			isa = PBXResourcesBuildPhase;
			buildActionMask = 2147483647;
			files = (
				528CA290280367AC001D1AAB /* LaunchScreen.storyboard in Resources */,
				528CA28D280367AC001D1AAB /* Assets.xcassets in Resources */,
				528CA28B280367A5001D1AAB /* Main.storyboard in Resources */,
			);
			runOnlyForDeploymentPostprocessing = 0;
		};
/* End PBXResourcesBuildPhase section */

/* Begin PBXSourcesBuildPhase section */
		528CA27C280367A5001D1AAB /* Sources */ = {
			isa = PBXSourcesBuildPhase;
			buildActionMask = 2147483647;
			files = (
				528CA29B28036D2E001D1AAB /* DetentTransitionDelegate.swift in Sources */,
				528CA288280367A5001D1AAB /* ViewController.swift in Sources */,
				528CA2982803682C001D1AAB /* DetentPresentationController.swift in Sources */,
				528CA284280367A5001D1AAB /* AppDelegate.swift in Sources */,
				52184F66282047B500A27E02 /* Detent+Identifier.swift in Sources */,
				528CA29D280373BB001D1AAB /* DetentPresentationAnimator.swift in Sources */,
				528CA286280367A5001D1AAB /* SceneDelegate.swift in Sources */,
				528CA29F28037713001D1AAB /* ShownViewController.swift in Sources */,
			);
			runOnlyForDeploymentPostprocessing = 0;
		};
/* End PBXSourcesBuildPhase section */

/* Begin PBXVariantGroup section */
		528CA289280367A5001D1AAB /* Main.storyboard */ = {
			isa = PBXVariantGroup;
			children = (
				528CA28A280367A5001D1AAB /* Base */,
			);
			name = Main.storyboard;
			sourceTree = "<group>";
		};
		528CA28E280367AC001D1AAB /* LaunchScreen.storyboard */ = {
			isa = PBXVariantGroup;
			children = (
				528CA28F280367AC001D1AAB /* Base */,
			);
			name = LaunchScreen.storyboard;
			sourceTree = "<group>";
		};
/* End PBXVariantGroup section */

/* Begin XCBuildConfiguration section */
		528CA292280367AC001D1AAB /* Debug */ = {
			isa = XCBuildConfiguration;
			buildSettings = {
				ALWAYS_SEARCH_USER_PATHS = NO;
				CLANG_ANALYZER_NONNULL = YES;
				CLANG_ANALYZER_NUMBER_OBJECT_CONVERSION = YES_AGGRESSIVE;
				CLANG_CXX_LANGUAGE_STANDARD = "gnu++17";
				CLANG_ENABLE_MODULES = YES;
				CLANG_ENABLE_OBJC_ARC = YES;
				CLANG_ENABLE_OBJC_WEAK = YES;
				CLANG_WARN_BLOCK_CAPTURE_AUTORELEASING = YES;
				CLANG_WARN_BOOL_CONVERSION = YES;
				CLANG_WARN_COMMA = YES;
				CLANG_WARN_CONSTANT_CONVERSION = YES;
				CLANG_WARN_DEPRECATED_OBJC_IMPLEMENTATIONS = YES;
				CLANG_WARN_DIRECT_OBJC_ISA_USAGE = YES_ERROR;
				CLANG_WARN_DOCUMENTATION_COMMENTS = YES;
				CLANG_WARN_EMPTY_BODY = YES;
				CLANG_WARN_ENUM_CONVERSION = YES;
				CLANG_WARN_INFINITE_RECURSION = YES;
				CLANG_WARN_INT_CONVERSION = YES;
				CLANG_WARN_NON_LITERAL_NULL_CONVERSION = YES;
				CLANG_WARN_OBJC_IMPLICIT_RETAIN_SELF = YES;
				CLANG_WARN_OBJC_LITERAL_CONVERSION = YES;
				CLANG_WARN_OBJC_ROOT_CLASS = YES_ERROR;
				CLANG_WARN_QUOTED_INCLUDE_IN_FRAMEWORK_HEADER = YES;
				CLANG_WARN_RANGE_LOOP_ANALYSIS = YES;
				CLANG_WARN_STRICT_PROTOTYPES = YES;
				CLANG_WARN_SUSPICIOUS_MOVE = YES;
				CLANG_WARN_UNGUARDED_AVAILABILITY = YES_AGGRESSIVE;
				CLANG_WARN_UNREACHABLE_CODE = YES;
				CLANG_WARN__DUPLICATE_METHOD_MATCH = YES;
				COPY_PHASE_STRIP = NO;
				DEBUG_INFORMATION_FORMAT = dwarf;
				ENABLE_STRICT_OBJC_MSGSEND = YES;
				ENABLE_TESTABILITY = YES;
				GCC_C_LANGUAGE_STANDARD = gnu11;
				GCC_DYNAMIC_NO_PIC = NO;
				GCC_NO_COMMON_BLOCKS = YES;
				GCC_OPTIMIZATION_LEVEL = 0;
				GCC_PREPROCESSOR_DEFINITIONS = (
					"DEBUG=1",
					"$(inherited)",
				);
				GCC_WARN_64_TO_32_BIT_CONVERSION = YES;
				GCC_WARN_ABOUT_RETURN_TYPE = YES_ERROR;
				GCC_WARN_UNDECLARED_SELECTOR = YES;
				GCC_WARN_UNINITIALIZED_AUTOS = YES_AGGRESSIVE;
				GCC_WARN_UNUSED_FUNCTION = YES;
				GCC_WARN_UNUSED_VARIABLE = YES;
				IPHONEOS_DEPLOYMENT_TARGET = 15.4;
				MTL_ENABLE_DEBUG_INFO = INCLUDE_SOURCE;
				MTL_FAST_MATH = YES;
				ONLY_ACTIVE_ARCH = YES;
				SDKROOT = iphoneos;
				SWIFT_ACTIVE_COMPILATION_CONDITIONS = DEBUG;
				SWIFT_OPTIMIZATION_LEVEL = "-Onone";
			};
			name = Debug;
		};
		528CA293280367AC001D1AAB /* Release */ = {
			isa = XCBuildConfiguration;
			buildSettings = {
				ALWAYS_SEARCH_USER_PATHS = NO;
				CLANG_ANALYZER_NONNULL = YES;
				CLANG_ANALYZER_NUMBER_OBJECT_CONVERSION = YES_AGGRESSIVE;
				CLANG_CXX_LANGUAGE_STANDARD = "gnu++17";
				CLANG_ENABLE_MODULES = YES;
				CLANG_ENABLE_OBJC_ARC = YES;
				CLANG_ENABLE_OBJC_WEAK = YES;
				CLANG_WARN_BLOCK_CAPTURE_AUTORELEASING = YES;
				CLANG_WARN_BOOL_CONVERSION = YES;
				CLANG_WARN_COMMA = YES;
				CLANG_WARN_CONSTANT_CONVERSION = YES;
				CLANG_WARN_DEPRECATED_OBJC_IMPLEMENTATIONS = YES;
				CLANG_WARN_DIRECT_OBJC_ISA_USAGE = YES_ERROR;
				CLANG_WARN_DOCUMENTATION_COMMENTS = YES;
				CLANG_WARN_EMPTY_BODY = YES;
				CLANG_WARN_ENUM_CONVERSION = YES;
				CLANG_WARN_INFINITE_RECURSION = YES;
				CLANG_WARN_INT_CONVERSION = YES;
				CLANG_WARN_NON_LITERAL_NULL_CONVERSION = YES;
				CLANG_WARN_OBJC_IMPLICIT_RETAIN_SELF = YES;
				CLANG_WARN_OBJC_LITERAL_CONVERSION = YES;
				CLANG_WARN_OBJC_ROOT_CLASS = YES_ERROR;
				CLANG_WARN_QUOTED_INCLUDE_IN_FRAMEWORK_HEADER = YES;
				CLANG_WARN_RANGE_LOOP_ANALYSIS = YES;
				CLANG_WARN_STRICT_PROTOTYPES = YES;
				CLANG_WARN_SUSPICIOUS_MOVE = YES;
				CLANG_WARN_UNGUARDED_AVAILABILITY = YES_AGGRESSIVE;
				CLANG_WARN_UNREACHABLE_CODE = YES;
				CLANG_WARN__DUPLICATE_METHOD_MATCH = YES;
				COPY_PHASE_STRIP = NO;
				DEBUG_INFORMATION_FORMAT = "dwarf-with-dsym";
				ENABLE_NS_ASSERTIONS = NO;
				ENABLE_STRICT_OBJC_MSGSEND = YES;
				GCC_C_LANGUAGE_STANDARD = gnu11;
				GCC_NO_COMMON_BLOCKS = YES;
				GCC_WARN_64_TO_32_BIT_CONVERSION = YES;
				GCC_WARN_ABOUT_RETURN_TYPE = YES_ERROR;
				GCC_WARN_UNDECLARED_SELECTOR = YES;
				GCC_WARN_UNINITIALIZED_AUTOS = YES_AGGRESSIVE;
				GCC_WARN_UNUSED_FUNCTION = YES;
				GCC_WARN_UNUSED_VARIABLE = YES;
				IPHONEOS_DEPLOYMENT_TARGET = 15.4;
				MTL_ENABLE_DEBUG_INFO = NO;
				MTL_FAST_MATH = YES;
				SDKROOT = iphoneos;
				SWIFT_COMPILATION_MODE = wholemodule;
				SWIFT_OPTIMIZATION_LEVEL = "-O";
				VALIDATE_PRODUCT = YES;
			};
			name = Release;
		};
		528CA295280367AC001D1AAB /* Debug */ = {
			isa = XCBuildConfiguration;
			buildSettings = {
				ASSETCATALOG_COMPILER_APPICON_NAME = AppIcon;
				ASSETCATALOG_COMPILER_GLOBAL_ACCENT_COLOR_NAME = AccentColor;
				CODE_SIGN_STYLE = Automatic;
				CURRENT_PROJECT_VERSION = 1;
				DEVELOPMENT_TEAM = 39UYTBG4RA;
				GENERATE_INFOPLIST_FILE = YES;
				INFOPLIST_FILE = DetentSheet/Info.plist;
				INFOPLIST_KEY_UIApplicationSupportsIndirectInputEvents = YES;
				INFOPLIST_KEY_UILaunchStoryboardName = LaunchScreen;
				INFOPLIST_KEY_UIMainStoryboardFile = Main;
				INFOPLIST_KEY_UISupportedInterfaceOrientations_iPad = "UIInterfaceOrientationPortrait UIInterfaceOrientationPortraitUpsideDown UIInterfaceOrientationLandscapeLeft UIInterfaceOrientationLandscapeRight";
				INFOPLIST_KEY_UISupportedInterfaceOrientations_iPhone = "UIInterfaceOrientationPortrait UIInterfaceOrientationLandscapeLeft UIInterfaceOrientationLandscapeRight";
				IPHONEOS_DEPLOYMENT_TARGET = 13.0;
				LD_RUNPATH_SEARCH_PATHS = (
					"$(inherited)",
					"@executable_path/Frameworks",
				);
				MARKETING_VERSION = 1.0;
				PRODUCT_BUNDLE_IDENTIFIER = com.tomholmes.DetentSheet;
				PRODUCT_NAME = "$(TARGET_NAME)";
				SWIFT_EMIT_LOC_STRINGS = YES;
				SWIFT_VERSION = 5.0;
				TARGETED_DEVICE_FAMILY = "1,2";
			};
			name = Debug;
		};
		528CA296280367AC001D1AAB /* Release */ = {
			isa = XCBuildConfiguration;
			buildSettings = {
				ASSETCATALOG_COMPILER_APPICON_NAME = AppIcon;
				ASSETCATALOG_COMPILER_GLOBAL_ACCENT_COLOR_NAME = AccentColor;
				CODE_SIGN_STYLE = Automatic;
				CURRENT_PROJECT_VERSION = 1;
				DEVELOPMENT_TEAM = 39UYTBG4RA;
				GENERATE_INFOPLIST_FILE = YES;
				INFOPLIST_FILE = DetentSheet/Info.plist;
				INFOPLIST_KEY_UIApplicationSupportsIndirectInputEvents = YES;
				INFOPLIST_KEY_UILaunchStoryboardName = LaunchScreen;
				INFOPLIST_KEY_UIMainStoryboardFile = Main;
				INFOPLIST_KEY_UISupportedInterfaceOrientations_iPad = "UIInterfaceOrientationPortrait UIInterfaceOrientationPortraitUpsideDown UIInterfaceOrientationLandscapeLeft UIInterfaceOrientationLandscapeRight";
				INFOPLIST_KEY_UISupportedInterfaceOrientations_iPhone = "UIInterfaceOrientationPortrait UIInterfaceOrientationLandscapeLeft UIInterfaceOrientationLandscapeRight";
				IPHONEOS_DEPLOYMENT_TARGET = 13.0;
				LD_RUNPATH_SEARCH_PATHS = (
					"$(inherited)",
					"@executable_path/Frameworks",
				);
				MARKETING_VERSION = 1.0;
				PRODUCT_BUNDLE_IDENTIFIER = com.tomholmes.DetentSheet;
				PRODUCT_NAME = "$(TARGET_NAME)";
				SWIFT_EMIT_LOC_STRINGS = YES;
				SWIFT_VERSION = 5.0;
				TARGETED_DEVICE_FAMILY = "1,2";
			};
			name = Release;
		};
/* End XCBuildConfiguration section */

/* Begin XCConfigurationList section */
		528CA27B280367A5001D1AAB /* Build configuration list for PBXProject "DetentSheet" */ = {
			isa = XCConfigurationList;
			buildConfigurations = (
				528CA292280367AC001D1AAB /* Debug */,
				528CA293280367AC001D1AAB /* Release */,
			);
			defaultConfigurationIsVisible = 0;
			defaultConfigurationName = Release;
		};
		528CA294280367AC001D1AAB /* Build configuration list for PBXNativeTarget "DetentSheet" */ = {
			isa = XCConfigurationList;
			buildConfigurations = (
				528CA295280367AC001D1AAB /* Debug */,
				528CA296280367AC001D1AAB /* Release */,
			);
			defaultConfigurationIsVisible = 0;
			defaultConfigurationName = Release;
		};
/* End XCConfigurationList section */
	};
	rootObject = 528CA278280367A5001D1AAB /* Project object */;
}
